PODS:
  - Alamofire (1.1.3)
  - SwiftyJSON (2.1.2)

DEPENDENCIES:
  - Alamofire (from `https://github.com/Alamofire/Alamofire`)
  - SwiftyJSON (from `https://github.com/SwiftyJSON/SwiftyJSON`)

EXTERNAL SOURCES:
  Alamofire:
    :git: https://github.com/Alamofire/Alamofire
  SwiftyJSON:
    :git: https://github.com/SwiftyJSON/SwiftyJSON

CHECKOUT OPTIONS:
  Alamofire:
    :commit: 1527a5d8a7cdc89ca82ac12ba31fe7c94049df67
    :git: https://github.com/Alamofire/Alamofire
  SwiftyJSON:
    :commit: 8d1908d5bee518d4ec2117e2dd6f06927b3cdf1a
    :git: https://github.com/SwiftyJSON/SwiftyJSON

SPEC CHECKSUMS:
  Alamofire: 82bd273df6adffbda9740509993f29b2fa5a6d10
  SwiftyJSON: b03e3fcc0340816a7935802f5fd39510e3543bd5

COCOAPODS: 0.36.0.beta.1
